// !$*UTF8*$!
{
	archiveVersion = 1;
	classes = {
	};
	objectVersion = 70;
	objects = {

/* Begin PBXBuildFile section */
		4B054C862E6FEB58004DDB99 /* TorrentExtensions.swift in Sources */ = {isa = PBXBuildFile; fileRef = 4B054C852E6FEB58004DDB99 /* TorrentExtensions.swift */; };
		4B1DADDF295E6C440037E9FB /* BitDreamApp.swift in Sources */ = {isa = PBXBuildFile; fileRef = 4B1DADDE295E6C440037E9FB /* BitDreamApp.swift */; };
		4B1DADE1295E6C440037E9FB /* Persistence.swift in Sources */ = {isa = PBXBuildFile; fileRef = 4B1DADE0295E6C440037E9FB /* Persistence.swift */; };
		4B1DADE4295E6C440037E9FB /* BitDream.xcdatamodeld in Sources */ = {isa = PBXBuildFile; fileRef = 4B1DADE2295E6C440037E9FB /* BitDream.xcdatamodeld */; };
		4B1DADE6295E6C440037E9FB /* ContentView.swift in Sources */ = {isa = PBXBuildFile; fileRef = 4B1DADE5295E6C440037E9FB /* ContentView.swift */; };
		4B1DADE8295E6C450037E9FB /* Assets.xcassets in Resources */ = {isa = PBXBuildFile; fileRef = 4B1DADE7295E6C450037E9FB /* Assets.xcassets */; };
		4B1DADEC295E6C450037E9FB /* Preview Assets.xcassets in Resources */ = {isa = PBXBuildFile; fileRef = 4B1DADEB295E6C450037E9FB /* Preview Assets.xcassets */; };
		4B1DADF7295E6D790037E9FB /* KeychainAccess in Frameworks */ = {isa = PBXBuildFile; productRef = 4B1DADF6295E6D790037E9FB /* KeychainAccess */; };
		4B1DADF9295E6EBA0037E9FB /* Utilities.swift in Sources */ = {isa = PBXBuildFile; fileRef = 4B1DADF8295E6EBA0037E9FB /* Utilities.swift */; };
		4B1DADFE295E6F390037E9FB /* TransmissionModels.swift in Sources */ = {isa = PBXBuildFile; fileRef = 4B1DADFD295E6F390037E9FB /* TransmissionModels.swift */; };
		4B1DAE00295E6F600037E9FB /* TransmissionFunctions.swift in Sources */ = {isa = PBXBuildFile; fileRef = 4B1DADFF295E6F600037E9FB /* TransmissionFunctions.swift */; };
		4B1DAE02295E6FA30037E9FB /* AddTorrent.swift in Sources */ = {isa = PBXBuildFile; fileRef = 4B1DAE01295E6FA30037E9FB /* AddTorrent.swift */; };
		4B1DAE06295E6FC80037E9FB /* TorrentDetail.swift in Sources */ = {isa = PBXBuildFile; fileRef = 4B1DAE05295E6FC80037E9FB /* TorrentDetail.swift */; };
		4B1DAE0A295E6FE10037E9FB /* ServerDetail.swift in Sources */ = {isa = PBXBuildFile; fileRef = 4B1DAE09295E6FE10037E9FB /* ServerDetail.swift */; };
		4B1DAE0C295E6FEF0037E9FB /* ServerList.swift in Sources */ = {isa = PBXBuildFile; fileRef = 4B1DAE0B295E6FEF0037E9FB /* ServerList.swift */; };
		4B1DAE0E295E6FFB0037E9FB /* ErrorDialog.swift in Sources */ = {isa = PBXBuildFile; fileRef = 4B1DAE0D295E6FFB0037E9FB /* ErrorDialog.swift */; };
		4B1DAE10295E702B0037E9FB /* Store.swift in Sources */ = {isa = PBXBuildFile; fileRef = 4B1DAE0F295E702B0037E9FB /* Store.swift */; };
		4B642D6C2D7E151A003CEADC /* macOSServerDetail.swift in Sources */ = {isa = PBXBuildFile; fileRef = 4B642D6B2D7E151A003CEADC /* macOSServerDetail.swift */; };
		4B642D6D2D7E151A003CEADC /* iOSServerDetail.swift in Sources */ = {isa = PBXBuildFile; fileRef = 4B642D6A2D7E151A003CEADC /* iOSServerDetail.swift */; };
		4B642D792D7E1EED003CEADC /* macOSServerList.swift in Sources */ = {isa = PBXBuildFile; fileRef = 4B642D782D7E1EED003CEADC /* macOSServerList.swift */; };
		4B642D7B2D7E1EF6003CEADC /* iOSServerList.swift in Sources */ = {isa = PBXBuildFile; fileRef = 4B642D7A2D7E1EF6003CEADC /* iOSServerList.swift */; };
		4B6F1EA62D82BD4A003D8F6E /* SettingsView.swift in Sources */ = {isa = PBXBuildFile; fileRef = 4B6F1EA52D82BD4A003D8F6E /* SettingsView.swift */; };
		4B6F1EAE2D82D337003D8F6E /* macOSSettingsView.swift in Sources */ = {isa = PBXBuildFile; fileRef = 4B6F1EAD2D82D337003D8F6E /* macOSSettingsView.swift */; };
		4B6F1EB02D82D340003D8F6E /* iOSSettingsView.swift in Sources */ = {isa = PBXBuildFile; fileRef = 4B6F1EAF2D82D340003D8F6E /* iOSSettingsView.swift */; };
		4B6F1EB22D82DB21003D8F6E /* TorrentListRow.swift in Sources */ = {isa = PBXBuildFile; fileRef = 4B6F1EB12D82DB21003D8F6E /* TorrentListRow.swift */; };
		4B6F1EB42D82DB2D003D8F6E /* iOSTorrentListRow.swift in Sources */ = {isa = PBXBuildFile; fileRef = 4B6F1EB32D82DB2D003D8F6E /* iOSTorrentListRow.swift */; };
		4B6F1EBC2D86C908003D8F6E /* macOSTorrentFileDetail.swift in Sources */ = {isa = PBXBuildFile; fileRef = 4B6F1EBB2D86C908003D8F6E /* macOSTorrentFileDetail.swift */; };
		4B6F1EBE2D86C926003D8F6E /* iOSTorrentFileDetail.swift in Sources */ = {isa = PBXBuildFile; fileRef = 4B6F1EBD2D86C926003D8F6E /* iOSTorrentFileDetail.swift */; };
		4B6F1EC02D86D52A003D8F6E /* TorrentFileDetail.swift in Sources */ = {isa = PBXBuildFile; fileRef = 4B6F1EBF2D86D52A003D8F6E /* TorrentFileDetail.swift */; };
		4B73985C2E70097C00D06E5D /* AppFileOpenDelegate.swift in Sources */ = {isa = PBXBuildFile; fileRef = 4B73985A2E70097C00D06E5D /* AppFileOpenDelegate.swift */; };
		4B73985E2E70181D00D06E5D /* macOSStatisticsView.swift in Sources */ = {isa = PBXBuildFile; fileRef = 4B73985D2E70181D00D06E5D /* macOSStatisticsView.swift */; };
		4B7398602E7029BD00D06E5D /* macOSAboutView.swift in Sources */ = {isa = PBXBuildFile; fileRef = 4B73985F2E7029BD00D06E5D /* macOSAboutView.swift */; };
		4B7EF5712E6E9F0C00C1C281 /* AppConfig.swift in Sources */ = {isa = PBXBuildFile; fileRef = 4B7EF5702E6E9F0C00C1C281 /* AppConfig.swift */; };
		4B8670062E73DE6E0004ECBA /* AppGroup.swift in Sources */ = {isa = PBXBuildFile; fileRef = 4BDACD502E73DBBE0074F714 /* AppGroup.swift */; };
		4B9CAC542D7E833A0094CD03 /* macOSAddTorrent.swift in Sources */ = {isa = PBXBuildFile; fileRef = 4B9CAC532D7E833A0094CD03 /* macOSAddTorrent.swift */; };
		4B9CAC562D7E83460094CD03 /* iOSAddTorrent.swift in Sources */ = {isa = PBXBuildFile; fileRef = 4B9CAC552D7E83460094CD03 /* iOSAddTorrent.swift */; };
		4B9CAC5D2D7F02FA0094CD03 /* AppBadgeManager.swift in Sources */ = {isa = PBXBuildFile; fileRef = 4B9CAC582D7F02FA0094CD03 /* AppBadgeManager.swift */; };
		4BC2C92A2E6E22B800011971 /* macOSTorrentList.swift in Sources */ = {isa = PBXBuildFile; fileRef = 4BC2C9272E6E22B800011971 /* macOSTorrentList.swift */; };
		4BC2C92B2E6E22B800011971 /* macOSTorrentListExpanded.swift in Sources */ = {isa = PBXBuildFile; fileRef = 4BC2C9292E6E22B800011971 /* macOSTorrentListExpanded.swift */; };
		4BC2C92C2E6E22B800011971 /* macOSTorrentListCompact.swift in Sources */ = {isa = PBXBuildFile; fileRef = 4BC2C9282E6E22B800011971 /* macOSTorrentListCompact.swift */; };
		4BC4A4BA2E7248A300578D08 /* macOSMenuCommands.swift in Sources */ = {isa = PBXBuildFile; fileRef = 4BC4A4B92E7248A300578D08 /* macOSMenuCommands.swift */; };
		4BC5C2AA2D7D20B500D80AB4 /* iOSContentView.swift in Sources */ = {isa = PBXBuildFile; fileRef = 4BC5C2A72D7D20B500D80AB4 /* iOSContentView.swift */; };
		4BC5C2AC2D7D20B500D80AB4 /* macOSContentView.swift in Sources */ = {isa = PBXBuildFile; fileRef = 4BC5C2A82D7D20B500D80AB4 /* macOSContentView.swift */; };
		4BC5C2B32D7D415100D80AB4 /* macOSTorrentDetail.swift in Sources */ = {isa = PBXBuildFile; fileRef = 4BC5C2B22D7D415100D80AB4 /* macOSTorrentDetail.swift */; };
		4BC5C2B42D7D415100D80AB4 /* iOSTorrentDetail.swift in Sources */ = {isa = PBXBuildFile; fileRef = 4BC5C2B12D7D415100D80AB4 /* iOSTorrentDetail.swift */; };
		4BC6F24B2E89F8510037DFDF /* PiecesGridView.swift in Sources */ = {isa = PBXBuildFile; fileRef = 4BC6F24A2E89F8510037DFDF /* PiecesGridView.swift */; };
		4BC6F24D2E8A069F0037DFDF /* BitDreamAppIcon.icon in Resources */ = {isa = PBXBuildFile; fileRef = 4BC6F24C2E8A069F0037DFDF /* BitDreamAppIcon.icon */; };
		4BCF274F2E774EDC00F6BF76 /* DataWriter.swift in Sources */ = {isa = PBXBuildFile; fileRef = 4BCF274E2E774EDC00F6BF76 /* DataWriter.swift */; };
		4BCF27502E774EDC00F6BF76 /* DataModels.swift in Sources */ = {isa = PBXBuildFile; fileRef = 4BCF274D2E774EDC00F6BF76 /* DataModels.swift */; };
		4BCF27512E774F3E00F6BF76 /* DataModels.swift in Sources */ = {isa = PBXBuildFile; fileRef = 4BCF274D2E774EDC00F6BF76 /* DataModels.swift */; };
		4BD8554A2E77424B00606224 /* WidgetKitBridge.swift in Sources */ = {isa = PBXBuildFile; fileRef = 4BD855492E77424B00606224 /* WidgetKitBridge.swift */; };
		4BD8554B2E77424B00606224 /* WidgetKitBridge.swift in Sources */ = {isa = PBXBuildFile; fileRef = 4BD855492E77424B00606224 /* WidgetKitBridge.swift */; };
		4BD938EB2D82AF6F006CE97C /* ThemeManager.swift in Sources */ = {isa = PBXBuildFile; fileRef = 4BD938E92D82AF6F006CE97C /* ThemeManager.swift */; };
		4BDACD172E73DB220074F714 /* WidgetKit.framework in Frameworks */ = {isa = PBXBuildFile; fileRef = 4BDACD162E73DB220074F714 /* WidgetKit.framework */; };
		4BDACD192E73DB220074F714 /* SwiftUI.framework in Frameworks */ = {isa = PBXBuildFile; fileRef = 4BDACD182E73DB220074F714 /* SwiftUI.framework */; };
		4BDACD2A2E73DB230074F714 /* BitDreamWidgetsExtension.appex in Embed Foundation Extensions */ = {isa = PBXBuildFile; fileRef = 4BDACD142E73DB220074F714 /* BitDreamWidgetsExtension.appex */; settings = {ATTRIBUTES = (RemoveHeadersOnCopy, ); }; };
		4BDACD572E73DBBE0074F714 /* AppGroup.swift in Sources */ = {isa = PBXBuildFile; fileRef = 4BDACD502E73DBBE0074F714 /* AppGroup.swift */; };
		4BE364BA2E6E75B300CF1A33 /* SharedComponents.swift in Sources */ = {isa = PBXBuildFile; fileRef = 4BE364B92E6E75B300CF1A33 /* SharedComponents.swift */; };
		4BEFEE7C2E6E5E69005815FA /* ContentTypeIconMapper.swift in Sources */ = {isa = PBXBuildFile; fileRef = 4BEFEE7B2E6E5E69005815FA /* ContentTypeIconMapper.swift */; };
		4BF593B72E89BF5500A8C1FC /* macOSTorrentPeerDetail.swift in Sources */ = {isa = PBXBuildFile; fileRef = 4BF593B62E89BF5500A8C1FC /* macOSTorrentPeerDetail.swift */; };
		4BF593B92E89BF6300A8C1FC /* TorrentPeerDetail.swift in Sources */ = {isa = PBXBuildFile; fileRef = 4BF593B82E89BF6300A8C1FC /* TorrentPeerDetail.swift */; };
		4BF593BB2E89C8C400A8C1FC /* iOSTorrentPeerDetail.swift in Sources */ = {isa = PBXBuildFile; fileRef = 4BF593BA2E89C8C400A8C1FC /* iOSTorrentPeerDetail.swift */; };
		4BFFAA012E7F000000000001 /* macOSTorrentActionsMenu.swift in Sources */ = {isa = PBXBuildFile; fileRef = 4BFFAA002E7F000000000001 /* macOSTorrentActionsMenu.swift */; };
/* End PBXBuildFile section */

/* Begin PBXContainerItemProxy section */
		4BDACD282E73DB230074F714 /* PBXContainerItemProxy */ = {
			isa = PBXContainerItemProxy;
			containerPortal = 4B1DADD3295E6C440037E9FB /* Project object */;
			proxyType = 1;
			remoteGlobalIDString = 4BDACD132E73DB220074F714;
			remoteInfo = BitDreamWidgetsExtension;
		};
/* End PBXContainerItemProxy section */

/* Begin PBXCopyFilesBuildPhase section */
		4BDACD2F2E73DB230074F714 /* Embed Foundation Extensions */ = {
			isa = PBXCopyFilesBuildPhase;
			buildActionMask = 2147483647;
			dstPath = "";
			dstSubfolderSpec = 13;
			files = (
				4BDACD2A2E73DB230074F714 /* BitDreamWidgetsExtension.appex in Embed Foundation Extensions */,
			);
			name = "Embed Foundation Extensions";
			runOnlyForDeploymentPostprocessing = 0;
		};
/* End PBXCopyFilesBuildPhase section */

/* Begin PBXFileReference section */
		4B054C852E6FEB58004DDB99 /* TorrentExtensions.swift */ = {isa = PBXFileReference; lastKnownFileType = sourcecode.swift; path = TorrentExtensions.swift; sourceTree = "<group>"; };
		4B1DADDB295E6C440037E9FB /* BitDream.app */ = {isa = PBXFileReference; explicitFileType = wrapper.application; includeInIndex = 0; path = BitDream.app; sourceTree = BUILT_PRODUCTS_DIR; };
		4B1DADDE295E6C440037E9FB /* BitDreamApp.swift */ = {isa = PBXFileReference; lastKnownFileType = sourcecode.swift; path = BitDreamApp.swift; sourceTree = "<group>"; };
		4B1DADE0295E6C440037E9FB /* Persistence.swift */ = {isa = PBXFileReference; lastKnownFileType = sourcecode.swift; path = Persistence.swift; sourceTree = "<group>"; };
		4B1DADE3295E6C440037E9FB /* BitDream.xcdatamodel */ = {isa = PBXFileReference; lastKnownFileType = wrapper.xcdatamodel; path = BitDream.xcdatamodel; sourceTree = "<group>"; };
		4B1DADE5295E6C440037E9FB /* ContentView.swift */ = {isa = PBXFileReference; lastKnownFileType = sourcecode.swift; path = ContentView.swift; sourceTree = "<group>"; };
		4B1DADE7295E6C450037E9FB /* Assets.xcassets */ = {isa = PBXFileReference; lastKnownFileType = folder.assetcatalog; path = Assets.xcassets; sourceTree = "<group>"; };
		4B1DADE9295E6C450037E9FB /* BitDream.entitlements */ = {isa = PBXFileReference; lastKnownFileType = text.plist.entitlements; path = BitDream.entitlements; sourceTree = "<group>"; };
		4B1DADEB295E6C450037E9FB /* Preview Assets.xcassets */ = {isa = PBXFileReference; lastKnownFileType = folder.assetcatalog; path = "Preview Assets.xcassets"; sourceTree = "<group>"; };
		4B1DADF8295E6EBA0037E9FB /* Utilities.swift */ = {isa = PBXFileReference; lastKnownFileType = sourcecode.swift; path = Utilities.swift; sourceTree = "<group>"; };
		4B1DADFD295E6F390037E9FB /* TransmissionModels.swift */ = {isa = PBXFileReference; lastKnownFileType = sourcecode.swift; path = TransmissionModels.swift; sourceTree = "<group>"; };
		4B1DADFF295E6F600037E9FB /* TransmissionFunctions.swift */ = {isa = PBXFileReference; lastKnownFileType = sourcecode.swift; path = TransmissionFunctions.swift; sourceTree = "<group>"; };
		4B1DAE01295E6FA30037E9FB /* AddTorrent.swift */ = {isa = PBXFileReference; lastKnownFileType = sourcecode.swift; path = AddTorrent.swift; sourceTree = "<group>"; };
		4B1DAE05295E6FC80037E9FB /* TorrentDetail.swift */ = {isa = PBXFileReference; lastKnownFileType = sourcecode.swift; path = TorrentDetail.swift; sourceTree = "<group>"; };
		4B1DAE09295E6FE10037E9FB /* ServerDetail.swift */ = {isa = PBXFileReference; lastKnownFileType = sourcecode.swift; path = ServerDetail.swift; sourceTree = "<group>"; };
		4B1DAE0B295E6FEF0037E9FB /* ServerList.swift */ = {isa = PBXFileReference; lastKnownFileType = sourcecode.swift; path = ServerList.swift; sourceTree = "<group>"; };
		4B1DAE0D295E6FFB0037E9FB /* ErrorDialog.swift */ = {isa = PBXFileReference; lastKnownFileType = sourcecode.swift; path = ErrorDialog.swift; sourceTree = "<group>"; };
		4B1DAE0F295E702B0037E9FB /* Store.swift */ = {isa = PBXFileReference; lastKnownFileType = sourcecode.swift; path = Store.swift; sourceTree = "<group>"; };
		4B642D6A2D7E151A003CEADC /* iOSServerDetail.swift */ = {isa = PBXFileReference; lastKnownFileType = sourcecode.swift; path = iOSServerDetail.swift; sourceTree = "<group>"; };
		4B642D6B2D7E151A003CEADC /* macOSServerDetail.swift */ = {isa = PBXFileReference; lastKnownFileType = sourcecode.swift; path = macOSServerDetail.swift; sourceTree = "<group>"; };
		4B642D782D7E1EED003CEADC /* macOSServerList.swift */ = {isa = PBXFileReference; lastKnownFileType = sourcecode.swift; path = macOSServerList.swift; sourceTree = "<group>"; };
		4B642D7A2D7E1EF6003CEADC /* iOSServerList.swift */ = {isa = PBXFileReference; lastKnownFileType = sourcecode.swift; path = iOSServerList.swift; sourceTree = "<group>"; };
		4B6F1EA52D82BD4A003D8F6E /* SettingsView.swift */ = {isa = PBXFileReference; lastKnownFileType = sourcecode.swift; path = SettingsView.swift; sourceTree = "<group>"; };
		4B6F1EAD2D82D337003D8F6E /* macOSSettingsView.swift */ = {isa = PBXFileReference; lastKnownFileType = sourcecode.swift; path = macOSSettingsView.swift; sourceTree = "<group>"; };
		4B6F1EAF2D82D340003D8F6E /* iOSSettingsView.swift */ = {isa = PBXFileReference; lastKnownFileType = sourcecode.swift; path = iOSSettingsView.swift; sourceTree = "<group>"; };
		4B6F1EB12D82DB21003D8F6E /* TorrentListRow.swift */ = {isa = PBXFileReference; lastKnownFileType = sourcecode.swift; path = TorrentListRow.swift; sourceTree = "<group>"; };
		4B6F1EB32D82DB2D003D8F6E /* iOSTorrentListRow.swift */ = {isa = PBXFileReference; lastKnownFileType = sourcecode.swift; path = iOSTorrentListRow.swift; sourceTree = "<group>"; };
		4B6F1EBB2D86C908003D8F6E /* macOSTorrentFileDetail.swift */ = {isa = PBXFileReference; lastKnownFileType = sourcecode.swift; path = macOSTorrentFileDetail.swift; sourceTree = "<group>"; };
		4B6F1EBD2D86C926003D8F6E /* iOSTorrentFileDetail.swift */ = {isa = PBXFileReference; lastKnownFileType = sourcecode.swift; path = iOSTorrentFileDetail.swift; sourceTree = "<group>"; };
		4B6F1EBF2D86D52A003D8F6E /* TorrentFileDetail.swift */ = {isa = PBXFileReference; lastKnownFileType = sourcecode.swift; path = TorrentFileDetail.swift; sourceTree = "<group>"; };
		4B73985A2E70097C00D06E5D /* AppFileOpenDelegate.swift */ = {isa = PBXFileReference; lastKnownFileType = sourcecode.swift; path = AppFileOpenDelegate.swift; sourceTree = "<group>"; };
		4B73985D2E70181D00D06E5D /* macOSStatisticsView.swift */ = {isa = PBXFileReference; lastKnownFileType = sourcecode.swift; path = macOSStatisticsView.swift; sourceTree = "<group>"; };
		4B73985F2E7029BD00D06E5D /* macOSAboutView.swift */ = {isa = PBXFileReference; lastKnownFileType = sourcecode.swift; path = macOSAboutView.swift; sourceTree = "<group>"; };
		4B7EF5702E6E9F0C00C1C281 /* AppConfig.swift */ = {isa = PBXFileReference; lastKnownFileType = sourcecode.swift; path = AppConfig.swift; sourceTree = "<group>"; };
		4B908AED2E6EBAC700C2DA5C /* Info.plist */ = {isa = PBXFileReference; lastKnownFileType = text.plist; path = Info.plist; sourceTree = "<group>"; };
		4B9CAC532D7E833A0094CD03 /* macOSAddTorrent.swift */ = {isa = PBXFileReference; lastKnownFileType = sourcecode.swift; path = macOSAddTorrent.swift; sourceTree = "<group>"; };
		4B9CAC552D7E83460094CD03 /* iOSAddTorrent.swift */ = {isa = PBXFileReference; lastKnownFileType = sourcecode.swift; path = iOSAddTorrent.swift; sourceTree = "<group>"; };
		4B9CAC582D7F02FA0094CD03 /* AppBadgeManager.swift */ = {isa = PBXFileReference; lastKnownFileType = sourcecode.swift; path = AppBadgeManager.swift; sourceTree = "<group>"; };
		4BC2C9272E6E22B800011971 /* macOSTorrentList.swift */ = {isa = PBXFileReference; lastKnownFileType = sourcecode.swift; path = macOSTorrentList.swift; sourceTree = "<group>"; };
		4BC2C9282E6E22B800011971 /* macOSTorrentListCompact.swift */ = {isa = PBXFileReference; lastKnownFileType = sourcecode.swift; path = macOSTorrentListCompact.swift; sourceTree = "<group>"; };
		4BC2C9292E6E22B800011971 /* macOSTorrentListExpanded.swift */ = {isa = PBXFileReference; lastKnownFileType = sourcecode.swift; path = macOSTorrentListExpanded.swift; sourceTree = "<group>"; };
		4BC4A4B92E7248A300578D08 /* macOSMenuCommands.swift */ = {isa = PBXFileReference; lastKnownFileType = sourcecode.swift; path = macOSMenuCommands.swift; sourceTree = "<group>"; };
		4BC5C2A72D7D20B500D80AB4 /* iOSContentView.swift */ = {isa = PBXFileReference; lastKnownFileType = sourcecode.swift; path = iOSContentView.swift; sourceTree = "<group>"; };
		4BC5C2A82D7D20B500D80AB4 /* macOSContentView.swift */ = {isa = PBXFileReference; lastKnownFileType = sourcecode.swift; path = macOSContentView.swift; sourceTree = "<group>"; };
		4BC5C2B12D7D415100D80AB4 /* iOSTorrentDetail.swift */ = {isa = PBXFileReference; lastKnownFileType = sourcecode.swift; path = iOSTorrentDetail.swift; sourceTree = "<group>"; };
		4BC5C2B22D7D415100D80AB4 /* macOSTorrentDetail.swift */ = {isa = PBXFileReference; lastKnownFileType = sourcecode.swift; path = macOSTorrentDetail.swift; sourceTree = "<group>"; };
		4BC6F24A2E89F8510037DFDF /* PiecesGridView.swift */ = {isa = PBXFileReference; lastKnownFileType = sourcecode.swift; path = PiecesGridView.swift; sourceTree = "<group>"; };
		4BC6F24C2E8A069F0037DFDF /* BitDreamAppIcon.icon */ = {isa = PBXFileReference; lastKnownFileType = folder.iconcomposer.icon; path = BitDreamAppIcon.icon; sourceTree = "<group>"; };
		4BCF274D2E774EDC00F6BF76 /* DataModels.swift */ = {isa = PBXFileReference; lastKnownFileType = sourcecode.swift; path = DataModels.swift; sourceTree = "<group>"; };
		4BCF274E2E774EDC00F6BF76 /* DataWriter.swift */ = {isa = PBXFileReference; lastKnownFileType = sourcecode.swift; path = DataWriter.swift; sourceTree = "<group>"; };
		4BD855492E77424B00606224 /* WidgetKitBridge.swift */ = {isa = PBXFileReference; lastKnownFileType = sourcecode.swift; path = WidgetKitBridge.swift; sourceTree = "<group>"; };
		4BD938E92D82AF6F006CE97C /* ThemeManager.swift */ = {isa = PBXFileReference; lastKnownFileType = sourcecode.swift; path = ThemeManager.swift; sourceTree = "<group>"; };
		4BDACD142E73DB220074F714 /* BitDreamWidgetsExtension.appex */ = {isa = PBXFileReference; explicitFileType = "wrapper.app-extension"; includeInIndex = 0; path = BitDreamWidgetsExtension.appex; sourceTree = BUILT_PRODUCTS_DIR; };
		4BDACD162E73DB220074F714 /* WidgetKit.framework */ = {isa = PBXFileReference; lastKnownFileType = wrapper.framework; name = WidgetKit.framework; path = System/Library/Frameworks/WidgetKit.framework; sourceTree = SDKROOT; };
		4BDACD182E73DB220074F714 /* SwiftUI.framework */ = {isa = PBXFileReference; lastKnownFileType = wrapper.framework; name = SwiftUI.framework; path = System/Library/Frameworks/SwiftUI.framework; sourceTree = SDKROOT; };
		4BDACD382E73DB520074F714 /* BitDreamWidgetsExtension.entitlements */ = {isa = PBXFileReference; lastKnownFileType = text.plist.entitlements; path = BitDreamWidgetsExtension.entitlements; sourceTree = "<group>"; };
		4BDACD502E73DBBE0074F714 /* AppGroup.swift */ = {isa = PBXFileReference; lastKnownFileType = sourcecode.swift; path = AppGroup.swift; sourceTree = "<group>"; };
		4BE364B92E6E75B300CF1A33 /* SharedComponents.swift */ = {isa = PBXFileReference; lastKnownFileType = sourcecode.swift; path = SharedComponents.swift; sourceTree = "<group>"; };
		4BEFEE7B2E6E5E69005815FA /* ContentTypeIconMapper.swift */ = {isa = PBXFileReference; lastKnownFileType = sourcecode.swift; path = ContentTypeIconMapper.swift; sourceTree = "<group>"; };
		4BF593B62E89BF5500A8C1FC /* macOSTorrentPeerDetail.swift */ = {isa = PBXFileReference; lastKnownFileType = sourcecode.swift; path = macOSTorrentPeerDetail.swift; sourceTree = "<group>"; };
		4BF593B82E89BF6300A8C1FC /* TorrentPeerDetail.swift */ = {isa = PBXFileReference; lastKnownFileType = sourcecode.swift; path = TorrentPeerDetail.swift; sourceTree = "<group>"; };
		4BF593BA2E89C8C400A8C1FC /* iOSTorrentPeerDetail.swift */ = {isa = PBXFileReference; lastKnownFileType = sourcecode.swift; path = iOSTorrentPeerDetail.swift; sourceTree = "<group>"; };
		4BFFAA002E7F000000000001 /* macOSTorrentActionsMenu.swift */ = {isa = PBXFileReference; lastKnownFileType = sourcecode.swift; path = macOSTorrentActionsMenu.swift; sourceTree = "<group>"; };
/* End PBXFileReference section */

/* Begin PBXFileSystemSynchronizedBuildFileExceptionSet section */
		4BDACD2B2E73DB230074F714 /* PBXFileSystemSynchronizedBuildFileExceptionSet */ = {
			isa = PBXFileSystemSynchronizedBuildFileExceptionSet;
			membershipExceptions = (
				Info.plist,
			);
			target = 4BDACD132E73DB220074F714 /* BitDreamWidgetsExtension */;
		};
/* End PBXFileSystemSynchronizedBuildFileExceptionSet section */

/* Begin PBXFileSystemSynchronizedRootGroup section */
		4BCF27582E7751D400F6BF76 /* BackgroundRefresh */ = {isa = PBXFileSystemSynchronizedRootGroup; explicitFileTypes = {}; explicitFolders = (); path = BackgroundRefresh; sourceTree = "<group>"; };
		4BDACD1A2E73DB220074F714 /* BitDreamWidgets */ = {isa = PBXFileSystemSynchronizedRootGroup; exceptions = (4BDACD2B2E73DB230074F714 /* PBXFileSystemSynchronizedBuildFileExceptionSet */, ); explicitFileTypes = {}; explicitFolders = (); path = BitDreamWidgets; sourceTree = "<group>"; };
/* End PBXFileSystemSynchronizedRootGroup section */

/* Begin PBXFrameworksBuildPhase section */
		4B1DADD8295E6C440037E9FB /* Frameworks */ = {
			isa = PBXFrameworksBuildPhase;
			buildActionMask = 2147483647;
			files = (
				4B1DADF7295E6D790037E9FB /* KeychainAccess in Frameworks */,
			);
			runOnlyForDeploymentPostprocessing = 0;
		};
		4BDACD112E73DB220074F714 /* Frameworks */ = {
			isa = PBXFrameworksBuildPhase;
			buildActionMask = 2147483647;
			files = (
				4BDACD192E73DB220074F714 /* SwiftUI.framework in Frameworks */,
				4BDACD172E73DB220074F714 /* WidgetKit.framework in Frameworks */,
			);
			runOnlyForDeploymentPostprocessing = 0;
		};
/* End PBXFrameworksBuildPhase section */

/* Begin PBXGroup section */
		4B1DADD2295E6C440037E9FB = {
			isa = PBXGroup;
			children = (
				4BDACD382E73DB520074F714 /* BitDreamWidgetsExtension.entitlements */,
				4B1DADDD295E6C440037E9FB /* BitDream */,
				4BDACD1A2E73DB220074F714 /* BitDreamWidgets */,
				4BDACD152E73DB220074F714 /* Frameworks */,
				4B1DADDC295E6C440037E9FB /* Products */,
				4BC6F24C2E8A069F0037DFDF /* BitDreamAppIcon.icon */,
			);
			sourceTree = "<group>";
		};
		4B1DADDC295E6C440037E9FB /* Products */ = {
			isa = PBXGroup;
			children = (
				4B1DADDB295E6C440037E9FB /* BitDream.app */,
				4BDACD142E73DB220074F714 /* BitDreamWidgetsExtension.appex */,
			);
			name = Products;
			sourceTree = "<group>";
		};
		4B1DADDD295E6C440037E9FB /* BitDream */ = {
			isa = PBXGroup;
			children = (
				4B908AED2E6EBAC700C2DA5C /* Info.plist */,
				4B9CAC582D7F02FA0094CD03 /* AppBadgeManager.swift */,
				4B7EF5702E6E9F0C00C1C281 /* AppConfig.swift */,
				4B1DADDE295E6C440037E9FB /* BitDreamApp.swift */,
				4B1DADE0295E6C440037E9FB /* Persistence.swift */,
				4B1DAE0F295E702B0037E9FB /* Store.swift */,
				4BD938E92D82AF6F006CE97C /* ThemeManager.swift */,
				4B054C852E6FEB58004DDB99 /* TorrentExtensions.swift */,
				4B1DADF8295E6EBA0037E9FB /* Utilities.swift */,
				4B73985B2E70097C00D06E5D /* Delegates */,
				4B1DADFA295E6EE10037E9FB /* Views */,
				4B1DADFC295E6F0F0037E9FB /* Transmission */,
				4BDACD532E73DBBE0074F714 /* Widgets */,
				4B1DADE7295E6C450037E9FB /* Assets.xcassets */,
				4B1DADE9295E6C450037E9FB /* BitDream.entitlements */,
				4B1DADE2295E6C440037E9FB /* BitDream.xcdatamodeld */,
				4B1DADEA295E6C450037E9FB /* Preview Content */,
			);
			path = BitDream;
			sourceTree = "<group>";
		};
		4B1DADEA295E6C450037E9FB /* Preview Content */ = {
			isa = PBXGroup;
			children = (
				4B1DADEB295E6C450037E9FB /* Preview Assets.xcassets */,
			);
			path = "Preview Content";
			sourceTree = "<group>";
		};
		4B1DADFA295E6EE10037E9FB /* Views */ = {
			isa = PBXGroup;
			children = (
				4B642D772D7E1D6B003CEADC /* Shared */,
				4B642D762D7E1D60003CEADC /* macOS */,
				4B642D752D7E1D4C003CEADC /* iOS */,
			);
			path = Views;
			sourceTree = "<group>";
		};
		4B1DADFC295E6F0F0037E9FB /* Transmission */ = {
			isa = PBXGroup;
			children = (
				4B1DADFF295E6F600037E9FB /* TransmissionFunctions.swift */,
				4B1DADFD295E6F390037E9FB /* TransmissionModels.swift */,
			);
			path = Transmission;
			sourceTree = "<group>";
		};
		4B642D752D7E1D4C003CEADC /* iOS */ = {
			isa = PBXGroup;
			children = (
				4B9CAC552D7E83460094CD03 /* iOSAddTorrent.swift */,
				4BC5C2A72D7D20B500D80AB4 /* iOSContentView.swift */,
				4B642D6A2D7E151A003CEADC /* iOSServerDetail.swift */,
				4B642D7A2D7E1EF6003CEADC /* iOSServerList.swift */,
				4B6F1EAF2D82D340003D8F6E /* iOSSettingsView.swift */,
				4BC5C2B12D7D415100D80AB4 /* iOSTorrentDetail.swift */,
				4B6F1EBD2D86C926003D8F6E /* iOSTorrentFileDetail.swift */,
				4B6F1EB32D82DB2D003D8F6E /* iOSTorrentListRow.swift */,
				4BF593BA2E89C8C400A8C1FC /* iOSTorrentPeerDetail.swift */,
			);
			path = iOS;
			sourceTree = "<group>";
		};
		4B642D762D7E1D60003CEADC /* macOS */ = {
			isa = PBXGroup;
			children = (
				4B73985F2E7029BD00D06E5D /* macOSAboutView.swift */,
				4B9CAC532D7E833A0094CD03 /* macOSAddTorrent.swift */,
				4BC5C2A82D7D20B500D80AB4 /* macOSContentView.swift */,
				4BC4A4B92E7248A300578D08 /* macOSMenuCommands.swift */,
				4B642D6B2D7E151A003CEADC /* macOSServerDetail.swift */,
				4B642D782D7E1EED003CEADC /* macOSServerList.swift */,
				4B6F1EAD2D82D337003D8F6E /* macOSSettingsView.swift */,
				4B73985D2E70181D00D06E5D /* macOSStatisticsView.swift */,
				4BFFAA002E7F000000000001 /* macOSTorrentActionsMenu.swift */,
				4BC5C2B22D7D415100D80AB4 /* macOSTorrentDetail.swift */,
				4B6F1EBB2D86C908003D8F6E /* macOSTorrentFileDetail.swift */,
				4BC2C9272E6E22B800011971 /* macOSTorrentList.swift */,
				4BC2C9282E6E22B800011971 /* macOSTorrentListCompact.swift */,
				4BC2C9292E6E22B800011971 /* macOSTorrentListExpanded.swift */,
				4BF593B62E89BF5500A8C1FC /* macOSTorrentPeerDetail.swift */,
			);
			path = macOS;
			sourceTree = "<group>";
		};
		4B642D772D7E1D6B003CEADC /* Shared */ = {
			isa = PBXGroup;
			children = (
				4B1DAE01295E6FA30037E9FB /* AddTorrent.swift */,
				4BEFEE7B2E6E5E69005815FA /* ContentTypeIconMapper.swift */,
				4B1DADE5295E6C440037E9FB /* ContentView.swift */,
				4B1DAE0D295E6FFB0037E9FB /* ErrorDialog.swift */,
				4BC6F24A2E89F8510037DFDF /* PiecesGridView.swift */,
				4BE364B92E6E75B300CF1A33 /* SharedComponents.swift */,
				4B1DAE09295E6FE10037E9FB /* ServerDetail.swift */,
				4B1DAE0B295E6FEF0037E9FB /* ServerList.swift */,
				4B6F1EA52D82BD4A003D8F6E /* SettingsView.swift */,
				4B1DAE05295E6FC80037E9FB /* TorrentDetail.swift */,
				4B6F1EBF2D86D52A003D8F6E /* TorrentFileDetail.swift */,
				4B6F1EB12D82DB21003D8F6E /* TorrentListRow.swift */,
				4BF593B82E89BF6300A8C1FC /* TorrentPeerDetail.swift */,
			);
			path = Shared;
			sourceTree = "<group>";
		};
		4B73985B2E70097C00D06E5D /* Delegates */ = {
			isa = PBXGroup;
			children = (
				4B73985A2E70097C00D06E5D /* AppFileOpenDelegate.swift */,
			);
			path = Delegates;
			sourceTree = "<group>";
		};
		4BDACD152E73DB220074F714 /* Frameworks */ = {
			isa = PBXGroup;
			children = (
				4BDACD162E73DB220074F714 /* WidgetKit.framework */,
				4BDACD182E73DB220074F714 /* SwiftUI.framework */,
			);
			name = Frameworks;
			sourceTree = "<group>";
		};
		4BDACD532E73DBBE0074F714 /* Widgets */ = {
			isa = PBXGroup;
			children = (
				4BCF27582E7751D400F6BF76 /* BackgroundRefresh */,
				4BDACD502E73DBBE0074F714 /* AppGroup.swift */,
				4BCF274D2E774EDC00F6BF76 /* DataModels.swift */,
				4BCF274E2E774EDC00F6BF76 /* DataWriter.swift */,
				4BD855492E77424B00606224 /* WidgetKitBridge.swift */,
			);
			path = Widgets;
			sourceTree = "<group>";
		};
/* End PBXGroup section */

/* Begin PBXNativeTarget section */
		4B1DADDA295E6C440037E9FB /* BitDream */ = {
			isa = PBXNativeTarget;
			buildConfigurationList = 4B1DADEF295E6C450037E9FB /* Build configuration list for PBXNativeTarget "BitDream" */;
			buildPhases = (
				4B1DADD7295E6C440037E9FB /* Sources */,
				4B1DADD8295E6C440037E9FB /* Frameworks */,
				4B1DADD9295E6C440037E9FB /* Resources */,
				4BDACD2F2E73DB230074F714 /* Embed Foundation Extensions */,
			);
			buildRules = (
			);
			dependencies = (
				4BDACD292E73DB230074F714 /* PBXTargetDependency */,
			);
			fileSystemSynchronizedGroups = (
				4BCF27582E7751D400F6BF76 /* BackgroundRefresh */,
			);
			name = BitDream;
			packageProductDependencies = (
				4B1DADF6295E6D790037E9FB /* KeychainAccess */,
			);
			productName = BitDream;
			productReference = 4B1DADDB295E6C440037E9FB /* BitDream.app */;
			productType = "com.apple.product-type.application";
		};
		4BDACD132E73DB220074F714 /* BitDreamWidgetsExtension */ = {
			isa = PBXNativeTarget;
			buildConfigurationList = 4BDACD2C2E73DB230074F714 /* Build configuration list for PBXNativeTarget "BitDreamWidgetsExtension" */;
			buildPhases = (
				4BDACD102E73DB220074F714 /* Sources */,
				4BDACD112E73DB220074F714 /* Frameworks */,
				4BDACD122E73DB220074F714 /* Resources */,
			);
			buildRules = (
			);
			dependencies = (
			);
			fileSystemSynchronizedGroups = (
				4BDACD1A2E73DB220074F714 /* BitDreamWidgets */,
			);
			name = BitDreamWidgetsExtension;
			packageProductDependencies = (
			);
			productName = BitDreamWidgetsExtension;
			productReference = 4BDACD142E73DB220074F714 /* BitDreamWidgetsExtension.appex */;
			productType = "com.apple.product-type.app-extension";
		};
/* End PBXNativeTarget section */

/* Begin PBXProject section */
		4B1DADD3295E6C440037E9FB /* Project object */ = {
			isa = PBXProject;
			attributes = {
				BuildIndependentTargetsInParallel = 1;
				LastSwiftUpdateCheck = 1640;
				LastUpgradeCheck = 1620;
				TargetAttributes = {
					4B1DADDA295E6C440037E9FB = {
						CreatedOnToolsVersion = 14.2;
					};
					4BDACD132E73DB220074F714 = {
						CreatedOnToolsVersion = 16.4;
					};
				};
			};
			buildConfigurationList = 4B1DADD6295E6C440037E9FB /* Build configuration list for PBXProject "BitDream" */;
			compatibilityVersion = "Xcode 14.0";
			developmentRegion = en;
			hasScannedForEncodings = 0;
			knownRegions = (
				en,
				Base,
			);
			mainGroup = 4B1DADD2295E6C440037E9FB;
			packageReferences = (
				4B1DADF5295E6D790037E9FB /* XCRemoteSwiftPackageReference "KeychainAccess" */,
			);
			productRefGroup = 4B1DADDC295E6C440037E9FB /* Products */;
			projectDirPath = "";
			projectRoot = "";
			targets = (
				4B1DADDA295E6C440037E9FB /* BitDream */,
				4BDACD132E73DB220074F714 /* BitDreamWidgetsExtension */,
			);
		};
/* End PBXProject section */

/* Begin PBXResourcesBuildPhase section */
		4B1DADD9295E6C440037E9FB /* Resources */ = {
			isa = PBXResourcesBuildPhase;
			buildActionMask = 2147483647;
			files = (
				4B1DADEC295E6C450037E9FB /* Preview Assets.xcassets in Resources */,
				4B1DADE8295E6C450037E9FB /* Assets.xcassets in Resources */,
				4BC6F24D2E8A069F0037DFDF /* BitDreamAppIcon.icon in Resources */,
			);
			runOnlyForDeploymentPostprocessing = 0;
		};
		4BDACD122E73DB220074F714 /* Resources */ = {
			isa = PBXResourcesBuildPhase;
			buildActionMask = 2147483647;
			files = (
			);
			runOnlyForDeploymentPostprocessing = 0;
		};
/* End PBXResourcesBuildPhase section */

/* Begin PBXSourcesBuildPhase section */
		4B1DADD7295E6C440037E9FB /* Sources */ = {
			isa = PBXSourcesBuildPhase;
			buildActionMask = 2147483647;
			files = (
				4BC4A4BA2E7248A300578D08 /* macOSMenuCommands.swift in Sources */,
				4B1DADE4295E6C440037E9FB /* BitDream.xcdatamodeld in Sources */,
				4B7EF5712E6E9F0C00C1C281 /* AppConfig.swift in Sources */,
				4B1DADDF295E6C440037E9FB /* BitDreamApp.swift in Sources */,
				4B1DADE1295E6C440037E9FB /* Persistence.swift in Sources */,
				4B1DAE10295E702B0037E9FB /* Store.swift in Sources */,
				4BF593BB2E89C8C400A8C1FC /* iOSTorrentPeerDetail.swift in Sources */,
				4B1DADF9295E6EBA0037E9FB /* Utilities.swift in Sources */,
				4B6F1EB02D82D340003D8F6E /* iOSSettingsView.swift in Sources */,
				4BC6F24B2E89F8510037DFDF /* PiecesGridView.swift in Sources */,
				4B6F1EBC2D86C908003D8F6E /* macOSTorrentFileDetail.swift in Sources */,
				4B054C862E6FEB58004DDB99 /* TorrentExtensions.swift in Sources */,
				4B1DAE00295E6F600037E9FB /* TransmissionFunctions.swift in Sources */,
				4BD938EB2D82AF6F006CE97C /* ThemeManager.swift in Sources */,
				4B1DADFE295E6F390037E9FB /* TransmissionModels.swift in Sources */,
				4B1DAE02295E6FA30037E9FB /* AddTorrent.swift in Sources */,
				4B1DADE6295E6C440037E9FB /* ContentView.swift in Sources */,
				4B1DAE0E295E6FFB0037E9FB /* ErrorDialog.swift in Sources */,
				4B1DAE0A295E6FE10037E9FB /* ServerDetail.swift in Sources */,
				4B6F1EA62D82BD4A003D8F6E /* SettingsView.swift in Sources */,
				4B1DAE0C295E6FEF0037E9FB /* ServerList.swift in Sources */,
				4B6F1EB22D82DB21003D8F6E /* TorrentListRow.swift in Sources */,
				4B1DAE06295E6FC80037E9FB /* TorrentDetail.swift in Sources */,
				4B6F1EBE2D86C926003D8F6E /* iOSTorrentFileDetail.swift in Sources */,
				4B73985C2E70097C00D06E5D /* AppFileOpenDelegate.swift in Sources */,
				4BCF274F2E774EDC00F6BF76 /* DataWriter.swift in Sources */,
				4BCF27502E774EDC00F6BF76 /* DataModels.swift in Sources */,
				4B9CAC562D7E83460094CD03 /* iOSAddTorrent.swift in Sources */,
				4BE364BA2E6E75B300CF1A33 /* SharedComponents.swift in Sources */,
				4BF593B72E89BF5500A8C1FC /* macOSTorrentPeerDetail.swift in Sources */,
				4BF593B92E89BF6300A8C1FC /* TorrentPeerDetail.swift in Sources */,
				4BC5C2AA2D7D20B500D80AB4 /* iOSContentView.swift in Sources */,
				4B642D6D2D7E151A003CEADC /* iOSServerDetail.swift in Sources */,
				4BDACD572E73DBBE0074F714 /* AppGroup.swift in Sources */,
				4B9CAC5D2D7F02FA0094CD03 /* AppBadgeManager.swift in Sources */,
				4B7398602E7029BD00D06E5D /* macOSAboutView.swift in Sources */,
				4B642D7B2D7E1EF6003CEADC /* iOSServerList.swift in Sources */,
				4B6F1EC02D86D52A003D8F6E /* TorrentFileDetail.swift in Sources */,
				4BC2C92A2E6E22B800011971 /* macOSTorrentList.swift in Sources */,
				4BC2C92B2E6E22B800011971 /* macOSTorrentListExpanded.swift in Sources */,
				4BC2C92C2E6E22B800011971 /* macOSTorrentListCompact.swift in Sources */,
				4BC5C2B42D7D415100D80AB4 /* iOSTorrentDetail.swift in Sources */,
				4B9CAC542D7E833A0094CD03 /* macOSAddTorrent.swift in Sources */,
				4B6F1EAE2D82D337003D8F6E /* macOSSettingsView.swift in Sources */,
				4BD8554B2E77424B00606224 /* WidgetKitBridge.swift in Sources */,
				4BC5C2AC2D7D20B500D80AB4 /* macOSContentView.swift in Sources */,
				4B73985E2E70181D00D06E5D /* macOSStatisticsView.swift in Sources */,
				4B642D6C2D7E151A003CEADC /* macOSServerDetail.swift in Sources */,
				4B642D792D7E1EED003CEADC /* macOSServerList.swift in Sources */,
				4BC5C2B32D7D415100D80AB4 /* macOSTorrentDetail.swift in Sources */,
				4B6F1EB42D82DB2D003D8F6E /* iOSTorrentListRow.swift in Sources */,
				4BEFEE7C2E6E5E69005815FA /* ContentTypeIconMapper.swift in Sources */,
				4BFFAA012E7F000000000001 /* macOSTorrentActionsMenu.swift in Sources */,
			);
			runOnlyForDeploymentPostprocessing = 0;
		};
		4BDACD102E73DB220074F714 /* Sources */ = {
			isa = PBXSourcesBuildPhase;
			buildActionMask = 2147483647;
			files = (
				4B8670062E73DE6E0004ECBA /* AppGroup.swift in Sources */,
				4BD8554A2E77424B00606224 /* WidgetKitBridge.swift in Sources */,
				4BCF27512E774F3E00F6BF76 /* DataModels.swift in Sources */,
			);
			runOnlyForDeploymentPostprocessing = 0;
		};
/* End PBXSourcesBuildPhase section */

/* Begin PBXTargetDependency section */
		4BDACD292E73DB230074F714 /* PBXTargetDependency */ = {
			isa = PBXTargetDependency;
			target = 4BDACD132E73DB220074F714 /* BitDreamWidgetsExtension */;
			targetProxy = 4BDACD282E73DB230074F714 /* PBXContainerItemProxy */;
		};
/* End PBXTargetDependency section */

/* Begin XCBuildConfiguration section */
		4B1DADED295E6C450037E9FB /* Debug */ = {
			isa = XCBuildConfiguration;
			buildSettings = {
				ALWAYS_SEARCH_USER_PATHS = NO;
				CLANG_ANALYZER_NONNULL = YES;
				CLANG_ANALYZER_NUMBER_OBJECT_CONVERSION = YES_AGGRESSIVE;
				CLANG_CXX_LANGUAGE_STANDARD = "gnu++20";
				CLANG_ENABLE_MODULES = YES;
				CLANG_ENABLE_OBJC_ARC = YES;
				CLANG_ENABLE_OBJC_WEAK = YES;
				CLANG_WARN_BLOCK_CAPTURE_AUTORELEASING = YES;
				CLANG_WARN_BOOL_CONVERSION = YES;
				CLANG_WARN_COMMA = YES;
				CLANG_WARN_CONSTANT_CONVERSION = YES;
				CLANG_WARN_DEPRECATED_OBJC_IMPLEMENTATIONS = YES;
				CLANG_WARN_DIRECT_OBJC_ISA_USAGE = YES_ERROR;
				CLANG_WARN_DOCUMENTATION_COMMENTS = YES;
				CLANG_WARN_EMPTY_BODY = YES;
				CLANG_WARN_ENUM_CONVERSION = YES;
				CLANG_WARN_INFINITE_RECURSION = YES;
				CLANG_WARN_INT_CONVERSION = YES;
				CLANG_WARN_NON_LITERAL_NULL_CONVERSION = YES;
				CLANG_WARN_OBJC_IMPLICIT_RETAIN_SELF = YES;
				CLANG_WARN_OBJC_LITERAL_CONVERSION = YES;
				CLANG_WARN_OBJC_ROOT_CLASS = YES_ERROR;
				CLANG_WARN_QUOTED_INCLUDE_IN_FRAMEWORK_HEADER = YES;
				CLANG_WARN_RANGE_LOOP_ANALYSIS = YES;
				CLANG_WARN_STRICT_PROTOTYPES = YES;
				CLANG_WARN_SUSPICIOUS_MOVE = YES;
				CLANG_WARN_UNGUARDED_AVAILABILITY = YES_AGGRESSIVE;
				CLANG_WARN_UNREACHABLE_CODE = YES;
				CLANG_WARN__DUPLICATE_METHOD_MATCH = YES;
				COPY_PHASE_STRIP = NO;
				DEAD_CODE_STRIPPING = YES;
				DEBUG_INFORMATION_FORMAT = dwarf;
				ENABLE_STRICT_OBJC_MSGSEND = YES;
				ENABLE_TESTABILITY = YES;
				ENABLE_USER_SCRIPT_SANDBOXING = YES;
				GCC_C_LANGUAGE_STANDARD = gnu11;
				GCC_DYNAMIC_NO_PIC = NO;
				GCC_NO_COMMON_BLOCKS = YES;
				GCC_OPTIMIZATION_LEVEL = 0;
				GCC_PREPROCESSOR_DEFINITIONS = (
					"DEBUG=1",
					"$(inherited)",
				);
				GCC_WARN_64_TO_32_BIT_CONVERSION = YES;
				GCC_WARN_ABOUT_RETURN_TYPE = YES_ERROR;
				GCC_WARN_UNDECLARED_SELECTOR = YES;
				GCC_WARN_UNINITIALIZED_AUTOS = YES_AGGRESSIVE;
				GCC_WARN_UNUSED_FUNCTION = YES;
				GCC_WARN_UNUSED_VARIABLE = YES;
				MTL_ENABLE_DEBUG_INFO = INCLUDE_SOURCE;
				MTL_FAST_MATH = YES;
				ONLY_ACTIVE_ARCH = YES;
				SWIFT_ACTIVE_COMPILATION_CONDITIONS = DEBUG;
				SWIFT_OPTIMIZATION_LEVEL = "-Onone";
			};
			name = Debug;
		};
		4B1DADEE295E6C450037E9FB /* Release */ = {
			isa = XCBuildConfiguration;
			buildSettings = {
				ALWAYS_SEARCH_USER_PATHS = NO;
				CLANG_ANALYZER_NONNULL = YES;
				CLANG_ANALYZER_NUMBER_OBJECT_CONVERSION = YES_AGGRESSIVE;
				CLANG_CXX_LANGUAGE_STANDARD = "gnu++20";
				CLANG_ENABLE_MODULES = YES;
				CLANG_ENABLE_OBJC_ARC = YES;
				CLANG_ENABLE_OBJC_WEAK = YES;
				CLANG_WARN_BLOCK_CAPTURE_AUTORELEASING = YES;
				CLANG_WARN_BOOL_CONVERSION = YES;
				CLANG_WARN_COMMA = YES;
				CLANG_WARN_CONSTANT_CONVERSION = YES;
				CLANG_WARN_DEPRECATED_OBJC_IMPLEMENTATIONS = YES;
				CLANG_WARN_DIRECT_OBJC_ISA_USAGE = YES_ERROR;
				CLANG_WARN_DOCUMENTATION_COMMENTS = YES;
				CLANG_WARN_EMPTY_BODY = YES;
				CLANG_WARN_ENUM_CONVERSION = YES;
				CLANG_WARN_INFINITE_RECURSION = YES;
				CLANG_WARN_INT_CONVERSION = YES;
				CLANG_WARN_NON_LITERAL_NULL_CONVERSION = YES;
				CLANG_WARN_OBJC_IMPLICIT_RETAIN_SELF = YES;
				CLANG_WARN_OBJC_LITERAL_CONVERSION = YES;
				CLANG_WARN_OBJC_ROOT_CLASS = YES_ERROR;
				CLANG_WARN_QUOTED_INCLUDE_IN_FRAMEWORK_HEADER = YES;
				CLANG_WARN_RANGE_LOOP_ANALYSIS = YES;
				CLANG_WARN_STRICT_PROTOTYPES = YES;
				CLANG_WARN_SUSPICIOUS_MOVE = YES;
				CLANG_WARN_UNGUARDED_AVAILABILITY = YES_AGGRESSIVE;
				CLANG_WARN_UNREACHABLE_CODE = YES;
				CLANG_WARN__DUPLICATE_METHOD_MATCH = YES;
				COPY_PHASE_STRIP = NO;
				DEAD_CODE_STRIPPING = YES;
				DEBUG_INFORMATION_FORMAT = "dwarf-with-dsym";
				ENABLE_NS_ASSERTIONS = NO;
				ENABLE_STRICT_OBJC_MSGSEND = YES;
				ENABLE_USER_SCRIPT_SANDBOXING = YES;
				GCC_C_LANGUAGE_STANDARD = gnu11;
				GCC_NO_COMMON_BLOCKS = YES;
				GCC_WARN_64_TO_32_BIT_CONVERSION = YES;
				GCC_WARN_ABOUT_RETURN_TYPE = YES_ERROR;
				GCC_WARN_UNDECLARED_SELECTOR = YES;
				GCC_WARN_UNINITIALIZED_AUTOS = YES_AGGRESSIVE;
				GCC_WARN_UNUSED_FUNCTION = YES;
				GCC_WARN_UNUSED_VARIABLE = YES;
				MTL_ENABLE_DEBUG_INFO = NO;
				MTL_FAST_MATH = YES;
				SWIFT_COMPILATION_MODE = wholemodule;
				SWIFT_OPTIMIZATION_LEVEL = "-O";
			};
			name = Release;
		};
		4B1DADF0295E6C450037E9FB /* Debug */ = {
			isa = XCBuildConfiguration;
			buildSettings = {
				ASSETCATALOG_COMPILER_APPICON_NAME = BitDreamAppIcon;
				ASSETCATALOG_COMPILER_GLOBAL_ACCENT_COLOR_NAME = AccentColor;
				ASSETCATALOG_COMPILER_INCLUDE_ALL_APPICON_ASSETS = NO;
				CODE_SIGN_ENTITLEMENTS = BitDream/BitDream.entitlements;
				CODE_SIGN_STYLE = Automatic;
				CURRENT_PROJECT_VERSION = 1;
				DEAD_CODE_STRIPPING = YES;
				DEVELOPMENT_ASSET_PATHS = "\"BitDream/Preview Content\"";
				DEVELOPMENT_TEAM = T778QMSML9;
				ENABLE_HARDENED_RUNTIME = YES;
				ENABLE_PREVIEWS = YES;
				GENERATE_INFOPLIST_FILE = YES;
				INFOPLIST_FILE = BitDream/Info.plist;
				INFOPLIST_KEY_CFBundleDisplayName = BitDream;
				INFOPLIST_KEY_LSApplicationCategoryType = "public.app-category.utilities";
				"INFOPLIST_KEY_UIApplicationSceneManifest_Generation[sdk=iphoneos*]" = YES;
				"INFOPLIST_KEY_UIApplicationSceneManifest_Generation[sdk=iphonesimulator*]" = YES;
				"INFOPLIST_KEY_UIApplicationSupportsIndirectInputEvents[sdk=iphoneos*]" = YES;
				"INFOPLIST_KEY_UIApplicationSupportsIndirectInputEvents[sdk=iphonesimulator*]" = YES;
				"INFOPLIST_KEY_UILaunchScreen_Generation[sdk=iphoneos*]" = YES;
				"INFOPLIST_KEY_UILaunchScreen_Generation[sdk=iphonesimulator*]" = YES;
				"INFOPLIST_KEY_UIStatusBarStyle[sdk=iphoneos*]" = UIStatusBarStyleDefault;
				"INFOPLIST_KEY_UIStatusBarStyle[sdk=iphonesimulator*]" = UIStatusBarStyleDefault;
				INFOPLIST_KEY_UISupportedInterfaceOrientations = UIInterfaceOrientationPortrait;
				INFOPLIST_KEY_UISupportedInterfaceOrientations_iPad = "UIInterfaceOrientationLandscapeLeft UIInterfaceOrientationLandscapeRight UIInterfaceOrientationPortrait UIInterfaceOrientationPortraitUpsideDown";
				IPHONEOS_DEPLOYMENT_TARGET = 18.0;
				LD_RUNPATH_SEARCH_PATHS = "@executable_path/Frameworks";
				"LD_RUNPATH_SEARCH_PATHS[sdk=macosx*]" = "@executable_path/../Frameworks";
				MACOSX_DEPLOYMENT_TARGET = 15.0;
				MARKETING_VERSION = 1.0.1;
				PRODUCT_BUNDLE_IDENTIFIER = crapshack.BitDream;
				PRODUCT_NAME = "$(TARGET_NAME)";
				REGISTER_APP_GROUPS = YES;
				SDKROOT = auto;
				SUPPORTED_PLATFORMS = "iphoneos iphonesimulator macosx";
				SWIFT_EMIT_LOC_STRINGS = YES;
				SWIFT_VERSION = 5.0;
				TARGETED_DEVICE_FAMILY = "1,2";
			};
			name = Debug;
		};
		4B1DADF1295E6C450037E9FB /* Release */ = {
			isa = XCBuildConfiguration;
			buildSettings = {
				ASSETCATALOG_COMPILER_APPICON_NAME = BitDreamAppIcon;
				ASSETCATALOG_COMPILER_GLOBAL_ACCENT_COLOR_NAME = AccentColor;
				ASSETCATALOG_COMPILER_INCLUDE_ALL_APPICON_ASSETS = NO;
				CODE_SIGN_ENTITLEMENTS = BitDream/BitDream.entitlements;
				CODE_SIGN_STYLE = Automatic;
				CURRENT_PROJECT_VERSION = 1;
				DEAD_CODE_STRIPPING = YES;
				DEVELOPMENT_ASSET_PATHS = "\"BitDream/Preview Content\"";
				DEVELOPMENT_TEAM = T778QMSML9;
				ENABLE_HARDENED_RUNTIME = YES;
				ENABLE_PREVIEWS = YES;
				GENERATE_INFOPLIST_FILE = YES;
				INFOPLIST_FILE = BitDream/Info.plist;
				INFOPLIST_KEY_CFBundleDisplayName = BitDream;
				INFOPLIST_KEY_LSApplicationCategoryType = "public.app-category.utilities";
				"INFOPLIST_KEY_UIApplicationSceneManifest_Generation[sdk=iphoneos*]" = YES;
				"INFOPLIST_KEY_UIApplicationSceneManifest_Generation[sdk=iphonesimulator*]" = YES;
				"INFOPLIST_KEY_UIApplicationSupportsIndirectInputEvents[sdk=iphoneos*]" = YES;
				"INFOPLIST_KEY_UIApplicationSupportsIndirectInputEvents[sdk=iphonesimulator*]" = YES;
				"INFOPLIST_KEY_UILaunchScreen_Generation[sdk=iphoneos*]" = YES;
				"INFOPLIST_KEY_UILaunchScreen_Generation[sdk=iphonesimulator*]" = YES;
				"INFOPLIST_KEY_UIStatusBarStyle[sdk=iphoneos*]" = UIStatusBarStyleDefault;
				"INFOPLIST_KEY_UIStatusBarStyle[sdk=iphonesimulator*]" = UIStatusBarStyleDefault;
				INFOPLIST_KEY_UISupportedInterfaceOrientations = UIInterfaceOrientationPortrait;
				INFOPLIST_KEY_UISupportedInterfaceOrientations_iPad = "UIInterfaceOrientationLandscapeLeft UIInterfaceOrientationLandscapeRight UIInterfaceOrientationPortrait UIInterfaceOrientationPortraitUpsideDown";
				IPHONEOS_DEPLOYMENT_TARGET = 18.0;
				LD_RUNPATH_SEARCH_PATHS = "@executable_path/Frameworks";
				"LD_RUNPATH_SEARCH_PATHS[sdk=macosx*]" = "@executable_path/../Frameworks";
				MACOSX_DEPLOYMENT_TARGET = 15.0;
				MARKETING_VERSION = 1.0.1;
				PRODUCT_BUNDLE_IDENTIFIER = crapshack.BitDream;
				PRODUCT_NAME = "$(TARGET_NAME)";
				REGISTER_APP_GROUPS = YES;
				SDKROOT = auto;
				SUPPORTED_PLATFORMS = "iphoneos iphonesimulator macosx";
				SWIFT_EMIT_LOC_STRINGS = YES;
				SWIFT_VERSION = 5.0;
				TARGETED_DEVICE_FAMILY = "1,2";
			};
			name = Release;
		};
		4BDACD2D2E73DB230074F714 /* Debug */ = {
			isa = XCBuildConfiguration;
			buildSettings = {
				ASSETCATALOG_COMPILER_GENERATE_SWIFT_ASSET_SYMBOL_EXTENSIONS = YES;
				ASSETCATALOG_COMPILER_GLOBAL_ACCENT_COLOR_NAME = AccentColor;
				ASSETCATALOG_COMPILER_WIDGET_BACKGROUND_COLOR_NAME = WidgetBackground;
				CODE_SIGN_ENTITLEMENTS = BitDreamWidgetsExtension.entitlements;
				CODE_SIGN_STYLE = Automatic;
				CURRENT_PROJECT_VERSION = 1;
				DEVELOPMENT_TEAM = T778QMSML9;
				GCC_C_LANGUAGE_STANDARD = gnu17;
				GENERATE_INFOPLIST_FILE = YES;
				INFOPLIST_FILE = BitDreamWidgets/Info.plist;
				INFOPLIST_KEY_CFBundleDisplayName = BitDreamWidgets;
				INFOPLIST_KEY_NSHumanReadableCopyright = "";
				IPHONEOS_DEPLOYMENT_TARGET = 18.5;
				LD_RUNPATH_SEARCH_PATHS = (
					"$(inherited)",
					"@executable_path/Frameworks",
					"@executable_path/../../Frameworks",
				);
				LOCALIZATION_PREFERS_STRING_CATALOGS = YES;
				MACOSX_DEPLOYMENT_TARGET = 15.0;
				MARKETING_VERSION = 1.0.1;
				PRODUCT_BUNDLE_IDENTIFIER = crapshack.BitDream.BitDreamWidgets;
				PRODUCT_NAME = "$(TARGET_NAME)";
				REGISTER_APP_GROUPS = YES;
				SDKROOT = auto;
				SKIP_INSTALL = YES;
				SUPPORTED_PLATFORMS = "iphoneos iphonesimulator macosx";
				SUPPORTS_MACCATALYST = NO;
				SUPPORTS_MAC_DESIGNED_FOR_IPHONE_IPAD = NO;
				SUPPORTS_XR_DESIGNED_FOR_IPHONE_IPAD = NO;
				SWIFT_ACTIVE_COMPILATION_CONDITIONS = "DEBUG $(inherited)";
				SWIFT_EMIT_LOC_STRINGS = YES;
				SWIFT_VERSION = 5.0;
				TARGETED_DEVICE_FAMILY = "1,2";
			};
			name = Debug;
		};
		4BDACD2E2E73DB230074F714 /* Release */ = {
			isa = XCBuildConfiguration;
			buildSettings = {
				ASSETCATALOG_COMPILER_GENERATE_SWIFT_ASSET_SYMBOL_EXTENSIONS = YES;
				ASSETCATALOG_COMPILER_GLOBAL_ACCENT_COLOR_NAME = AccentColor;
				ASSETCATALOG_COMPILER_WIDGET_BACKGROUND_COLOR_NAME = WidgetBackground;
				CODE_SIGN_ENTITLEMENTS = BitDreamWidgetsExtension.entitlements;
				CODE_SIGN_STYLE = Automatic;
				CURRENT_PROJECT_VERSION = 1;
				DEVELOPMENT_TEAM = T778QMSML9;
				GCC_C_LANGUAGE_STANDARD = gnu17;
				GENERATE_INFOPLIST_FILE = YES;
				INFOPLIST_FILE = BitDreamWidgets/Info.plist;
				INFOPLIST_KEY_CFBundleDisplayName = BitDreamWidgets;
				INFOPLIST_KEY_NSHumanReadableCopyright = "";
				IPHONEOS_DEPLOYMENT_TARGET = 18.5;
				LD_RUNPATH_SEARCH_PATHS = (
					"$(inherited)",
					"@executable_path/Frameworks",
					"@executable_path/../../Frameworks",
				);
				LOCALIZATION_PREFERS_STRING_CATALOGS = YES;
				MACOSX_DEPLOYMENT_TARGET = 15.0;
				MARKETING_VERSION = 1.0.1;
				PRODUCT_BUNDLE_IDENTIFIER = crapshack.BitDream.BitDreamWidgets;
				PRODUCT_NAME = "$(TARGET_NAME)";
				REGISTER_APP_GROUPS = YES;
				SDKROOT = auto;
				SKIP_INSTALL = YES;
				SUPPORTED_PLATFORMS = "iphoneos iphonesimulator macosx";
				SUPPORTS_MACCATALYST = NO;
				SUPPORTS_MAC_DESIGNED_FOR_IPHONE_IPAD = NO;
				SUPPORTS_XR_DESIGNED_FOR_IPHONE_IPAD = NO;
				SWIFT_EMIT_LOC_STRINGS = YES;
				SWIFT_VERSION = 5.0;
				TARGETED_DEVICE_FAMILY = "1,2";
				VALIDATE_PRODUCT = YES;
			};
			name = Release;
		};
/* End XCBuildConfiguration section */

/* Begin XCConfigurationList section */
		4B1DADD6295E6C440037E9FB /* Build configuration list for PBXProject "BitDream" */ = {
			isa = XCConfigurationList;
			buildConfigurations = (
				4B1DADED295E6C450037E9FB /* Debug */,
				4B1DADEE295E6C450037E9FB /* Release */,
			);
			defaultConfigurationIsVisible = 0;
			defaultConfigurationName = Release;
		};
		4B1DADEF295E6C450037E9FB /* Build configuration list for PBXNativeTarget "BitDream" */ = {
			isa = XCConfigurationList;
			buildConfigurations = (
				4B1DADF0295E6C450037E9FB /* Debug */,
				4B1DADF1295E6C450037E9FB /* Release */,
			);
			defaultConfigurationIsVisible = 0;
			defaultConfigurationName = Release;
		};
		4BDACD2C2E73DB230074F714 /* Build configuration list for PBXNativeTarget "BitDreamWidgetsExtension" */ = {
			isa = XCConfigurationList;
			buildConfigurations = (
				4BDACD2D2E73DB230074F714 /* Debug */,
				4BDACD2E2E73DB230074F714 /* Release */,
			);
			defaultConfigurationIsVisible = 0;
			defaultConfigurationName = Release;
		};
/* End XCConfigurationList section */

/* Begin XCRemoteSwiftPackageReference section */
		4B1DADF5295E6D790037E9FB /* XCRemoteSwiftPackageReference "KeychainAccess" */ = {
			isa = XCRemoteSwiftPackageReference;
			repositoryURL = "https://github.com/kishikawakatsumi/KeychainAccess.git";
			requirement = {
				branch = master;
				kind = branch;
			};
		};
/* End XCRemoteSwiftPackageReference section */

/* Begin XCSwiftPackageProductDependency section */
		4B1DADF6295E6D790037E9FB /* KeychainAccess */ = {
			isa = XCSwiftPackageProductDependency;
			package = 4B1DADF5295E6D790037E9FB /* XCRemoteSwiftPackageReference "KeychainAccess" */;
			productName = KeychainAccess;
		};
/* End XCSwiftPackageProductDependency section */

/* Begin XCVersionGroup section */
		4B1DADE2295E6C440037E9FB /* BitDream.xcdatamodeld */ = {
			isa = XCVersionGroup;
			children = (
				4B1DADE3295E6C440037E9FB /* BitDream.xcdatamodel */,
			);
			currentVersion = 4B1DADE3295E6C440037E9FB /* BitDream.xcdatamodel */;
			path = BitDream.xcdatamodeld;
			sourceTree = "<group>";
			versionGroupType = wrapper.xcdatamodel;
		};
/* End XCVersionGroup section */
	};
	rootObject = 4B1DADD3295E6C440037E9FB /* Project object */;
}
